
Microsoft Visual Studio Solution File, Format Version 12.00
# Visual Studio 15
VisualStudioVersion = 15.0.28010.2036
MinimumVisualStudioVersion = 10.0.40219.1
Project("{FAE04EC0-301F-11D3-BF4B-00C04F79EFBC}") = "Wifi.Media.Admin", "Wifi.Media.Admin\Wifi.Media.Admin.csproj", "{34D150EB-B141-4167-AA57-7097904FBDBB}"
EndProject
Global
	GlobalSection(SolutionConfigurationPlatforms) = preSolution
		Debug|Any CPU = Debug|Any CPU
		Release|Any CPU = Release|Any CPU
	EndGlobalSection
	GlobalSection(ProjectConfigurationPlatforms) = postSolution
		{34D150EB-B141-4167-AA57-7097904FBDBB}.Debug|Any CPU.ActiveCfg = Debug|Any CPU
		{34D150EB-B141-4167-AA57-7097904FBDBB}.Debug|Any CPU.Build.0 = Debug|Any CPU
		{34D150EB-B141-4167-AA57-7097904FBDBB}.Release|Any CPU.ActiveCfg = Release|Any CPU
		{34D150EB-B141-4167-AA57-7097904FBDBB}.Release|Any CPU.Build.0 = Release|Any CPU
	EndGlobalSection
	GlobalSection(SolutionProperties) = preSolution
		HideSolutionNode = FALSE
	EndGlobalSection
	GlobalSection(ExtensibilityGlobals) = postSolution
		SolutionGuid = {39311880-B7AF-4DD5-973D-8214B1D4AC84}
	EndGlobalSection
EndGlobal
